<?xml version="1.0" encoding="utf-8"?>
<Project ToolsVersion="18.0" xmlns="http://schemas.microsoft.com/developer/msbuild/2003">
  <ItemGroup>
    <ClCompile Include="C:\Users\Boris\Documents\VSTDevelopment\BoSP\tests\tests_Reverb.cpp">
      <Filter>Source Files</Filter>
    </ClCompile>
  </ItemGroup>
  <ItemGroup>
    <CustomBuild Include="C:\Users\Boris\Documents\VSTDevelopment\BoSP\tests\CMakeLists.txt" />
  </ItemGroup>
  <ItemGroup>
    <Filter Include="Source Files">
      <UniqueIdentifier>{6D2B81B6-E1E3-3CBF-80EC-06AC7C0FDD73}</UniqueIdentifier>
    </Filter>
  </ItemGroup>
</Project>
